
Microsoft Visual Studio Solution File, Format Version 12.00
# Visual Studio Version 17
VisualStudioVersion = 17.0.32014.148
MinimumVisualStudioVersion = 10.0.40219.1
Project("{FAE04EC0-301F-11D3-BF4B-00C04F79EFBC}") = "EnrollmentService", "EnrollmentService\EnrollmentService.csproj", "{C1106798-4F26-4545-AA5C-B1C31D637EAA}"
EndProject
Project("{FAE04EC0-301F-11D3-BF4B-00C04F79EFBC}") = "PaymentService", "PaymentService\PaymentService.csproj", "{E4B2D97A-BEC3-4074-811C-928A087BD040}"
EndProject
Project("{FAE04EC0-301F-11D3-BF4B-00C04F79EFBC}") = "AuthServer", "AuthServer\AuthServer.csproj", "{6C375D5A-3DF6-4499-8C6B-AE347E473B9A}"
EndProject
Project("{2150E333-8FDC-42A3-9474-1A3956D46DE8}") = "K8S", "K8S", "{4DE1E95A-2362-4F94-9C77-EEC0A533AE7C}"
EndProject
Global
	GlobalSection(SolutionConfigurationPlatforms) = preSolution
		Debug|Any CPU = Debug|Any CPU
		Release|Any CPU = Release|Any CPU
	EndGlobalSection
	GlobalSection(ProjectConfigurationPlatforms) = postSolution
		{C1106798-4F26-4545-AA5C-B1C31D637EAA}.Debug|Any CPU.ActiveCfg = Debug|Any CPU
		{C1106798-4F26-4545-AA5C-B1C31D637EAA}.Debug|Any CPU.Build.0 = Debug|Any CPU
		{C1106798-4F26-4545-AA5C-B1C31D637EAA}.Release|Any CPU.ActiveCfg = Release|Any CPU
		{C1106798-4F26-4545-AA5C-B1C31D637EAA}.Release|Any CPU.Build.0 = Release|Any CPU
		{E4B2D97A-BEC3-4074-811C-928A087BD040}.Debug|Any CPU.ActiveCfg = Debug|Any CPU
		{E4B2D97A-BEC3-4074-811C-928A087BD040}.Debug|Any CPU.Build.0 = Debug|Any CPU
		{E4B2D97A-BEC3-4074-811C-928A087BD040}.Release|Any CPU.ActiveCfg = Release|Any CPU
		{E4B2D97A-BEC3-4074-811C-928A087BD040}.Release|Any CPU.Build.0 = Release|Any CPU
		{6C375D5A-3DF6-4499-8C6B-AE347E473B9A}.Debug|Any CPU.ActiveCfg = Debug|Any CPU
		{6C375D5A-3DF6-4499-8C6B-AE347E473B9A}.Debug|Any CPU.Build.0 = Debug|Any CPU
		{6C375D5A-3DF6-4499-8C6B-AE347E473B9A}.Release|Any CPU.ActiveCfg = Release|Any CPU
		{6C375D5A-3DF6-4499-8C6B-AE347E473B9A}.Release|Any CPU.Build.0 = Release|Any CPU
	EndGlobalSection
	GlobalSection(SolutionProperties) = preSolution
		HideSolutionNode = FALSE
	EndGlobalSection
	GlobalSection(ExtensibilityGlobals) = postSolution
		SolutionGuid = {AAB3334A-EF34-4228-A25B-851C19DD00FC}
	EndGlobalSection
EndGlobal
